<?xml version="1.0" encoding="utf-8"?>
<Project ToolsVersion="4.0" xmlns="http://schemas.microsoft.com/developer/msbuild/2003">
  <ItemGroup>
    <Filter Include="CPU">
      <UniqueIdentifier>{a34db658-b519-4c4d-a6e1-d1be8e329ded}</UniqueIdentifier>
    </Filter>
    <Filter Include="Machine">
      <UniqueIdentifier>{0ccef4c5-3050-48eb-ae6e-b0e242ffe0a0}</UniqueIdentifier>
    </Filter>
    <Filter Include="Memory">
      <UniqueIdentifier>{df0bf6f4-69e9-44c4-8afd-57208784bc66}</UniqueIdentifier>
    </Filter>
    <Filter Include="PPU">
      <UniqueIdentifier>{588e4d71-2134-4df8-897f-91e8f3a6e7d2}</UniqueIdentifier>
    </Filter>
    <Filter Include="Tools">
      <UniqueIdentifier>{8f66725f-01ed-4148-84c1-8f3d84d572ee}</UniqueIdentifier>
    </Filter>
  </ItemGroup>
  <ItemGroup>
    <ClInclude Include="..\..\..\include\nes\PPU.h">
      <Filter>PPU</Filter>
    </ClInclude>
    <ClInclude Include="..\..\..\include\nes\PPURegisters.h">
      <Filter>PPU</Filter>
    </ClInclude>
    <ClInclude Include="..\..\..\include\nes\Op6502.hpp">
      <Filter>CPU</Filter>
    </ClInclude>
    <ClInclude Include="..\..\..\include\nes\Mode6502.hpp">
      <Filter>CPU</Filter>
    </ClInclude>
    <ClInclude Include="..\..\..\include\nes\Mode.h">
      <Filter>CPU</Filter>
    </ClInclude>
    <ClInclude Include="..\..\..\include\nes\HiLowLatch.h">
      <Filter>Memory</Filter>
    </ClInclude>
    <ClInclude Include="..\..\..\include\nes\Memory.h">
      <Filter>Memory</Filter>
    </ClInclude>
    <ClInclude Include="..\..\..\include\nes\MemoryMap.h">
      <Filter>Memory</Filter>
    </ClInclude>
    <ClInclude Include="..\..\..\include\nes\OpCode.h">
      <Filter>CPU</Filter>
    </ClInclude>
    <ClInclude Include="..\..\..\include\nes\Header.h">
      <Filter>Machine</Filter>
    </ClInclude>
    <ClInclude Include="..\..\..\include\nes\Disassembly.h">
      <Filter>Tools</Filter>
    </ClInclude>
    <ClInclude Include="..\..\..\include\nes\Emulator.h">
      <Filter>Machine</Filter>
    </ClInclude>
    <ClInclude Include="..\..\..\include\nes\CPUHelper.h">
      <Filter>CPU</Filter>
    </ClInclude>
    <ClInclude Include="..\..\..\include\nes\CPU.h">
      <Filter>CPU</Filter>
    </ClInclude>
    <ClInclude Include="..\..\..\include\nes\Constants.h">
      <Filter>Machine</Filter>
    </ClInclude>
    <ClInclude Include="..\..\..\include\nes\Cartridge.h">
      <Filter>Machine</Filter>
    </ClInclude>
    <ClInclude Include="..\..\..\include\nes\MemorySystem.h">
      <Filter>Memory</Filter>
    </ClInclude>
    <ClInclude Include="..\..\..\include\nes\MemoryNROM.h">
      <Filter>Memory</Filter>
    </ClInclude>
    <ClInclude Include="..\..\..\include\nes\VRAM.h">
      <Filter>Memory</Filter>
    </ClInclude>
    <ClInclude Include="..\..\..\include\nes\MemoryFactory.h">
      <Filter>Memory</Filter>
    </ClInclude>
  </ItemGroup>
  <ItemGroup>
    <ClCompile Include="..\..\..\source\Cartridge.cpp">
      <Filter>Machine</Filter>
    </ClCompile>
    <ClCompile Include="..\..\..\source\CPU.cpp">
      <Filter>CPU</Filter>
    </ClCompile>
    <ClCompile Include="..\..\..\source\CPUHelper.cpp">
      <Filter>CPU</Filter>
    </ClCompile>
    <ClCompile Include="..\..\..\source\Disassembly.cpp">
      <Filter>Tools</Filter>
    </ClCompile>
    <ClCompile Include="..\..\..\source\Emulator.cpp">
      <Filter>Machine</Filter>
    </ClCompile>
    <ClCompile Include="..\..\..\source\Header.cpp">
      <Filter>Machine</Filter>
    </ClCompile>
    <ClCompile Include="..\..\..\source\Memory.cpp">
      <Filter>Memory</Filter>
    </ClCompile>
    <ClCompile Include="..\..\..\source\MemoryMap.cpp">
      <Filter>Memory</Filter>
    </ClCompile>
    <ClCompile Include="..\..\..\source\Mode.cpp">
      <Filter>CPU</Filter>
    </ClCompile>
    <ClCompile Include="..\..\..\source\OpCode.cpp">
      <Filter>CPU</Filter>
    </ClCompile>
    <ClCompile Include="..\..\..\source\PPU.cpp">
      <Filter>PPU</Filter>
    </ClCompile>
    <ClCompile Include="..\..\..\source\PPURegisters.cpp">
      <Filter>PPU</Filter>
    </ClCompile>
    <ClCompile Include="..\..\..\source\MemorySystem.cpp">
      <Filter>Memory</Filter>
    </ClCompile>
    <ClCompile Include="..\..\..\source\MemoryNROM.cpp">
      <Filter>Memory</Filter>
    </ClCompile>
    <ClCompile Include="..\..\..\source\VRAM.cpp">
      <Filter>Memory</Filter>
    </ClCompile>
    <ClCompile Include="..\..\..\include\nes\MemoryFactory.cpp">
      <Filter>Memory</Filter>
    </ClCompile>
    <ClCompile Include="..\..\..\source\HiLowLatch.cpp">
      <Filter>Memory</Filter>
    </ClCompile>
  </ItemGroup>
</Project>